
Microsoft Visual Studio Solution File, Format Version 12.00
# Visual Studio Version 17
VisualStudioVersion = 17.12.35506.116
MinimumVisualStudioVersion = 10.0.40219.1
Project("{FAE04EC0-301F-11D3-BF4B-00C04F79EFBC}") = "Lab1", "Lab1\Lab1.csproj", "{6DAE127D-7160-41F2-A910-9B024C6CC39B}"
EndProject
Project("{FAE04EC0-301F-11D3-BF4B-00C04F79EFBC}") = "Lab2", "Lab2\Lab2.csproj", "{6EC4580A-FCF0-4982-92E6-2FAA2DC8F54E}"
EndProject
Project("{FAE04EC0-301F-11D3-BF4B-00C04F79EFBC}") = "Lab3", "Lab3\Lab3.csproj", "{D295AE04-1193-4B9C-A2FE-197B17CFF76C}"
EndProject
Project("{FAE04EC0-301F-11D3-BF4B-00C04F79EFBC}") = "Lab6", "Lab6\Lab6.csproj", "{3C6FF55B-E65E-48B9-ACE5-C7CFB9B0584B}"
EndProject
Project("{FAE04EC0-301F-11D3-BF4B-00C04F79EFBC}") = "Lab10", "Lab10\Lab10.csproj", "{EA86243F-723E-48F2-A9ED-81D4B9872F83}"
EndProject
Project("{FAE04EC0-301F-11D3-BF4B-00C04F79EFBC}") = "Lab11", "Lab11\Lab11.csproj", "{FCEAC818-455D-4F25-ABBC-A015F282621A}"
EndProject
Global
	GlobalSection(SolutionConfigurationPlatforms) = preSolution
		Debug|Any CPU = Debug|Any CPU
		Release|Any CPU = Release|Any CPU
	EndGlobalSection
	GlobalSection(ProjectConfigurationPlatforms) = postSolution
		{6DAE127D-7160-41F2-A910-9B024C6CC39B}.Debug|Any CPU.ActiveCfg = Debug|Any CPU
		{6DAE127D-7160-41F2-A910-9B024C6CC39B}.Debug|Any CPU.Build.0 = Debug|Any CPU
		{6DAE127D-7160-41F2-A910-9B024C6CC39B}.Release|Any CPU.ActiveCfg = Release|Any CPU
		{6DAE127D-7160-41F2-A910-9B024C6CC39B}.Release|Any CPU.Build.0 = Release|Any CPU
		{6EC4580A-FCF0-4982-92E6-2FAA2DC8F54E}.Debug|Any CPU.ActiveCfg = Debug|Any CPU
		{6EC4580A-FCF0-4982-92E6-2FAA2DC8F54E}.Debug|Any CPU.Build.0 = Debug|Any CPU
		{6EC4580A-FCF0-4982-92E6-2FAA2DC8F54E}.Release|Any CPU.ActiveCfg = Release|Any CPU
		{6EC4580A-FCF0-4982-92E6-2FAA2DC8F54E}.Release|Any CPU.Build.0 = Release|Any CPU
		{D295AE04-1193-4B9C-A2FE-197B17CFF76C}.Debug|Any CPU.ActiveCfg = Debug|Any CPU
		{D295AE04-1193-4B9C-A2FE-197B17CFF76C}.Debug|Any CPU.Build.0 = Debug|Any CPU
		{D295AE04-1193-4B9C-A2FE-197B17CFF76C}.Release|Any CPU.ActiveCfg = Release|Any CPU
		{D295AE04-1193-4B9C-A2FE-197B17CFF76C}.Release|Any CPU.Build.0 = Release|Any CPU
		{3C6FF55B-E65E-48B9-ACE5-C7CFB9B0584B}.Debug|Any CPU.ActiveCfg = Debug|Any CPU
		{3C6FF55B-E65E-48B9-ACE5-C7CFB9B0584B}.Debug|Any CPU.Build.0 = Debug|Any CPU
		{3C6FF55B-E65E-48B9-ACE5-C7CFB9B0584B}.Release|Any CPU.ActiveCfg = Release|Any CPU
		{3C6FF55B-E65E-48B9-ACE5-C7CFB9B0584B}.Release|Any CPU.Build.0 = Release|Any CPU
		{EA86243F-723E-48F2-A9ED-81D4B9872F83}.Debug|Any CPU.ActiveCfg = Debug|Any CPU
		{EA86243F-723E-48F2-A9ED-81D4B9872F83}.Debug|Any CPU.Build.0 = Debug|Any CPU
		{EA86243F-723E-48F2-A9ED-81D4B9872F83}.Release|Any CPU.ActiveCfg = Release|Any CPU
		{EA86243F-723E-48F2-A9ED-81D4B9872F83}.Release|Any CPU.Build.0 = Release|Any CPU
		{FCEAC818-455D-4F25-ABBC-A015F282621A}.Debug|Any CPU.ActiveCfg = Debug|Any CPU
		{FCEAC818-455D-4F25-ABBC-A015F282621A}.Debug|Any CPU.Build.0 = Debug|Any CPU
		{FCEAC818-455D-4F25-ABBC-A015F282621A}.Release|Any CPU.ActiveCfg = Release|Any CPU
		{FCEAC818-455D-4F25-ABBC-A015F282621A}.Release|Any CPU.Build.0 = Release|Any CPU
	EndGlobalSection
	GlobalSection(SolutionProperties) = preSolution
		HideSolutionNode = FALSE
	EndGlobalSection
EndGlobal
